
Microsoft Visual Studio Solution File, Format Version 12.00
# Visual Studio Version 17
VisualStudioVersion = 17.4.33122.133
MinimumVisualStudioVersion = 10.0.40219.1
Project("{FAE04EC0-301F-11D3-BF4B-00C04F79EFBC}") = "StoreShoe", "StoreShoe\StoreShoe.csproj", "{346C60CE-976B-4157-BCC8-F9881390975D}"
EndProject
Global
	GlobalSection(SolutionConfigurationPlatforms) = preSolution
		Debug|Any CPU = Debug|Any CPU
		Release|Any CPU = Release|Any CPU
	EndGlobalSection
	GlobalSection(ProjectConfigurationPlatforms) = postSolution
		{346C60CE-976B-4157-BCC8-F9881390975D}.Debug|Any CPU.ActiveCfg = Debug|Any CPU
		{346C60CE-976B-4157-BCC8-F9881390975D}.Debug|Any CPU.Build.0 = Debug|Any CPU
		{346C60CE-976B-4157-BCC8-F9881390975D}.Release|Any CPU.ActiveCfg = Release|Any CPU
		{346C60CE-976B-4157-BCC8-F9881390975D}.Release|Any CPU.Build.0 = Release|Any CPU
	EndGlobalSection
	GlobalSection(SolutionProperties) = preSolution
		HideSolutionNode = FALSE
	EndGlobalSection
	GlobalSection(ExtensibilityGlobals) = postSolution
		SolutionGuid = {66369EAC-C44E-4455-9D7F-17B8E9DB73C8}
	EndGlobalSection
EndGlobal
